
Microsoft Visual Studio Solution File, Format Version 12.00
# Visual Studio Version 17
VisualStudioVersion = 17.0.31903.59
MinimumVisualStudioVersion = 10.0.40219.1
Project("{FAE04EC0-301F-11D3-BF4B-00C04F79EFBC}") = "API", "API\API.csproj", "{9994BD6C-3843-4253-BA72-E70D19EEE75D}"
EndProject
Project("{FAE04EC0-301F-11D3-BF4B-00C04F79EFBC}") = "Core", "Core\Core.csproj", "{C743BE39-7CBF-4925-9201-313502AA7224}"
EndProject
Project("{FAE04EC0-301F-11D3-BF4B-00C04F79EFBC}") = "Infrastructure", "Infrastructure\Infrastructure.csproj", "{A2730AFF-CD53-449F-B62E-BD6C025E29B5}"
EndProject
Global
	GlobalSection(SolutionConfigurationPlatforms) = preSolution
		Debug|Any CPU = Debug|Any CPU
		Release|Any CPU = Release|Any CPU
	EndGlobalSection
	GlobalSection(SolutionProperties) = preSolution
		HideSolutionNode = FALSE
	EndGlobalSection
	GlobalSection(ProjectConfigurationPlatforms) = postSolution
		{9994BD6C-3843-4253-BA72-E70D19EEE75D}.Debug|Any CPU.ActiveCfg = Debug|Any CPU
		{9994BD6C-3843-4253-BA72-E70D19EEE75D}.Debug|Any CPU.Build.0 = Debug|Any CPU
		{9994BD6C-3843-4253-BA72-E70D19EEE75D}.Release|Any CPU.ActiveCfg = Release|Any CPU
		{9994BD6C-3843-4253-BA72-E70D19EEE75D}.Release|Any CPU.Build.0 = Release|Any CPU
		{C743BE39-7CBF-4925-9201-313502AA7224}.Debug|Any CPU.ActiveCfg = Debug|Any CPU
		{C743BE39-7CBF-4925-9201-313502AA7224}.Debug|Any CPU.Build.0 = Debug|Any CPU
		{C743BE39-7CBF-4925-9201-313502AA7224}.Release|Any CPU.ActiveCfg = Release|Any CPU
		{C743BE39-7CBF-4925-9201-313502AA7224}.Release|Any CPU.Build.0 = Release|Any CPU
		{A2730AFF-CD53-449F-B62E-BD6C025E29B5}.Debug|Any CPU.ActiveCfg = Debug|Any CPU
		{A2730AFF-CD53-449F-B62E-BD6C025E29B5}.Debug|Any CPU.Build.0 = Debug|Any CPU
		{A2730AFF-CD53-449F-B62E-BD6C025E29B5}.Release|Any CPU.ActiveCfg = Release|Any CPU
		{A2730AFF-CD53-449F-B62E-BD6C025E29B5}.Release|Any CPU.Build.0 = Release|Any CPU
	EndGlobalSection
EndGlobal
